
Microsoft Visual Studio Solution File, Format Version 12.00
# Visual Studio Version 17
VisualStudioVersion = 17.14.36511.14
MinimumVisualStudioVersion = 10.0.40219.1
Project("{FAE04EC0-301F-11D3-BF4B-00C04F79EFBC}") = "UnoLisServer.Data", "UnoLisServer.Data\UnoLisServer.Data.csproj", "{B64E169C-5D12-4404-9E93-EFB0CB8667F8}"
EndProject
Project("{FAE04EC0-301F-11D3-BF4B-00C04F79EFBC}") = "UnoLisServer.Host", "Host\UnoLisServer.Host.csproj", "{835A8A6F-F572-46EC-93F3-E8788B78F7C0}"
EndProject
Project("{FAE04EC0-301F-11D3-BF4B-00C04F79EFBC}") = "TestConsole", "TestConsole\TestConsole.csproj", "{7D32625B-A443-4B2D-8358-D63142C1A2CA}"
EndProject
Global
	GlobalSection(SolutionConfigurationPlatforms) = preSolution
		Debug|Any CPU = Debug|Any CPU
		Release|Any CPU = Release|Any CPU
	EndGlobalSection
	GlobalSection(ProjectConfigurationPlatforms) = postSolution
		{B64E169C-5D12-4404-9E93-EFB0CB8667F8}.Debug|Any CPU.ActiveCfg = Debug|Any CPU
		{B64E169C-5D12-4404-9E93-EFB0CB8667F8}.Debug|Any CPU.Build.0 = Debug|Any CPU
		{B64E169C-5D12-4404-9E93-EFB0CB8667F8}.Release|Any CPU.ActiveCfg = Release|Any CPU
		{B64E169C-5D12-4404-9E93-EFB0CB8667F8}.Release|Any CPU.Build.0 = Release|Any CPU
		{835A8A6F-F572-46EC-93F3-E8788B78F7C0}.Debug|Any CPU.ActiveCfg = Debug|Any CPU
		{835A8A6F-F572-46EC-93F3-E8788B78F7C0}.Debug|Any CPU.Build.0 = Debug|Any CPU
		{835A8A6F-F572-46EC-93F3-E8788B78F7C0}.Release|Any CPU.ActiveCfg = Release|Any CPU
		{835A8A6F-F572-46EC-93F3-E8788B78F7C0}.Release|Any CPU.Build.0 = Release|Any CPU
		{7D32625B-A443-4B2D-8358-D63142C1A2CA}.Debug|Any CPU.ActiveCfg = Debug|Any CPU
		{7D32625B-A443-4B2D-8358-D63142C1A2CA}.Debug|Any CPU.Build.0 = Debug|Any CPU
		{7D32625B-A443-4B2D-8358-D63142C1A2CA}.Release|Any CPU.ActiveCfg = Release|Any CPU
		{7D32625B-A443-4B2D-8358-D63142C1A2CA}.Release|Any CPU.Build.0 = Release|Any CPU
	EndGlobalSection
	GlobalSection(SolutionProperties) = preSolution
		HideSolutionNode = FALSE
	EndGlobalSection
	GlobalSection(ExtensibilityGlobals) = postSolution
		SolutionGuid = {2FD173D0-503B-4404-929C-57408D6E2D5A}
	EndGlobalSection
EndGlobal
